
Microsoft Visual Studio Solution File, Format Version 12.00
# Visual Studio 15
VisualStudioVersion = 15.0.28307.168
MinimumVisualStudioVersion = 10.0.40219.1
Project("{FAE04EC0-301F-11D3-BF4B-00C04F79EFBC}") = "Ria.CalculationEngine", "CalculationsConsole\Ria.CalculationEngine.csproj", "{0A931C1E-8463-498E-BCC7-6D10C298DF20}"
EndProject
Project("{FAE04EC0-301F-11D3-BF4B-00C04F79EFBC}") = "Ria.Calculations.Library", "Ria.Calculations.Library\Ria.Calculations.Library.csproj", "{B7BDCF25-0E3F-45DA-9BE9-906D5283DF30}"
EndProject
Project("{FAE04EC0-301F-11D3-BF4B-00C04F79EFBC}") = "Ria.Calculations.Data", "Ria.Calculations.Data\Ria.Calculations.Data.csproj", "{D023B37E-A323-4C8C-A150-629F45BD375E}"
EndProject
Project("{9A19103F-16F7-4668-BE54-9A1E7A4F7556}") = "Ria.Calculations.Data.Tests", "Ria.Calculations.Data.Tests\Ria.Calculations.Data.Tests.csproj", "{4120E242-1076-4C7D-A8B4-EB8B261E8F19}"
EndProject
Project("{FAE04EC0-301F-11D3-BF4B-00C04F79EFBC}") = "Ria.Calculations.Libraries.Test", "Ria.Calculations.Libraries.Test\Ria.Calculations.Libraries.Test.csproj", "{291C4A65-2437-4B68-AD74-FD0EA7989885}"
EndProject
Project("{FAE04EC0-301F-11D3-BF4B-00C04F79EFBC}") = "Ria.CalculationEngine.Processors", "Ria.CalculationEngine.Processors\Ria.CalculationEngine.Processors.csproj", "{EC705530-75A4-40BA-AAEA-5A86CC5CCF50}"
EndProject
Project("{FAE04EC0-301F-11D3-BF4B-00C04F79EFBC}") = "Ria.Model", "Ria.Model\Ria.Model.csproj", "{5306A42C-6EDE-4658-8E22-E129701AF9C3}"
EndProject
Global
	GlobalSection(SolutionConfigurationPlatforms) = preSolution
		Debug|Any CPU = Debug|Any CPU
		Release|Any CPU = Release|Any CPU
	EndGlobalSection
	GlobalSection(ProjectConfigurationPlatforms) = postSolution
		{0A931C1E-8463-498E-BCC7-6D10C298DF20}.Debug|Any CPU.ActiveCfg = Debug|Any CPU
		{0A931C1E-8463-498E-BCC7-6D10C298DF20}.Debug|Any CPU.Build.0 = Debug|Any CPU
		{0A931C1E-8463-498E-BCC7-6D10C298DF20}.Release|Any CPU.ActiveCfg = Release|Any CPU
		{0A931C1E-8463-498E-BCC7-6D10C298DF20}.Release|Any CPU.Build.0 = Release|Any CPU
		{B7BDCF25-0E3F-45DA-9BE9-906D5283DF30}.Debug|Any CPU.ActiveCfg = Debug|Any CPU
		{B7BDCF25-0E3F-45DA-9BE9-906D5283DF30}.Debug|Any CPU.Build.0 = Debug|Any CPU
		{B7BDCF25-0E3F-45DA-9BE9-906D5283DF30}.Release|Any CPU.ActiveCfg = Release|Any CPU
		{B7BDCF25-0E3F-45DA-9BE9-906D5283DF30}.Release|Any CPU.Build.0 = Release|Any CPU
		{D023B37E-A323-4C8C-A150-629F45BD375E}.Debug|Any CPU.ActiveCfg = Debug|Any CPU
		{D023B37E-A323-4C8C-A150-629F45BD375E}.Debug|Any CPU.Build.0 = Debug|Any CPU
		{D023B37E-A323-4C8C-A150-629F45BD375E}.Release|Any CPU.ActiveCfg = Release|Any CPU
		{D023B37E-A323-4C8C-A150-629F45BD375E}.Release|Any CPU.Build.0 = Release|Any CPU
		{4120E242-1076-4C7D-A8B4-EB8B261E8F19}.Debug|Any CPU.ActiveCfg = Debug|Any CPU
		{4120E242-1076-4C7D-A8B4-EB8B261E8F19}.Debug|Any CPU.Build.0 = Debug|Any CPU
		{4120E242-1076-4C7D-A8B4-EB8B261E8F19}.Release|Any CPU.ActiveCfg = Release|Any CPU
		{4120E242-1076-4C7D-A8B4-EB8B261E8F19}.Release|Any CPU.Build.0 = Release|Any CPU
		{291C4A65-2437-4B68-AD74-FD0EA7989885}.Debug|Any CPU.ActiveCfg = Debug|Any CPU
		{291C4A65-2437-4B68-AD74-FD0EA7989885}.Debug|Any CPU.Build.0 = Debug|Any CPU
		{291C4A65-2437-4B68-AD74-FD0EA7989885}.Release|Any CPU.ActiveCfg = Release|Any CPU
		{291C4A65-2437-4B68-AD74-FD0EA7989885}.Release|Any CPU.Build.0 = Release|Any CPU
		{EC705530-75A4-40BA-AAEA-5A86CC5CCF50}.Debug|Any CPU.ActiveCfg = Debug|Any CPU
		{EC705530-75A4-40BA-AAEA-5A86CC5CCF50}.Debug|Any CPU.Build.0 = Debug|Any CPU
		{EC705530-75A4-40BA-AAEA-5A86CC5CCF50}.Release|Any CPU.ActiveCfg = Release|Any CPU
		{EC705530-75A4-40BA-AAEA-5A86CC5CCF50}.Release|Any CPU.Build.0 = Release|Any CPU
		{5306A42C-6EDE-4658-8E22-E129701AF9C3}.Debug|Any CPU.ActiveCfg = Debug|Any CPU
		{5306A42C-6EDE-4658-8E22-E129701AF9C3}.Debug|Any CPU.Build.0 = Debug|Any CPU
		{5306A42C-6EDE-4658-8E22-E129701AF9C3}.Release|Any CPU.ActiveCfg = Release|Any CPU
		{5306A42C-6EDE-4658-8E22-E129701AF9C3}.Release|Any CPU.Build.0 = Release|Any CPU
	EndGlobalSection
	GlobalSection(SolutionProperties) = preSolution
		HideSolutionNode = FALSE
	EndGlobalSection
	GlobalSection(ExtensibilityGlobals) = postSolution
		SolutionGuid = {84A6822F-21A9-4F50-8F64-1CBB0D3205A9}
	EndGlobalSection
EndGlobal
